
Microsoft Visual Studio Solution File, Format Version 12.00
# Visual Studio 15
VisualStudioVersion = 15.0.28307.1022
MinimumVisualStudioVersion = 10.0.40219.1
Project("{FAE04EC0-301F-11D3-BF4B-00C04F79EFBC}") = "GitDemo", "GitDemo\GitDemo.csproj", "{E27FE3C8-4618-4560-88F7-35BC3E97DD0B}"
EndProject
Global
	GlobalSection(SolutionConfigurationPlatforms) = preSolution
		Debug|Any CPU = Debug|Any CPU
		Release|Any CPU = Release|Any CPU
	EndGlobalSection
	GlobalSection(ProjectConfigurationPlatforms) = postSolution
		{E27FE3C8-4618-4560-88F7-35BC3E97DD0B}.Debug|Any CPU.ActiveCfg = Debug|Any CPU
		{E27FE3C8-4618-4560-88F7-35BC3E97DD0B}.Debug|Any CPU.Build.0 = Debug|Any CPU
		{E27FE3C8-4618-4560-88F7-35BC3E97DD0B}.Release|Any CPU.ActiveCfg = Release|Any CPU
		{E27FE3C8-4618-4560-88F7-35BC3E97DD0B}.Release|Any CPU.Build.0 = Release|Any CPU
	EndGlobalSection
	GlobalSection(SolutionProperties) = preSolution
		HideSolutionNode = FALSE
	EndGlobalSection
	GlobalSection(ExtensibilityGlobals) = postSolution
		SolutionGuid = {792D8B8C-3DE0-4533-9A8F-AE767DFE5897}
	EndGlobalSection
EndGlobal
